
Microsoft Visual Studio Solution File, Format Version 12.00
# Visual Studio Version 17
VisualStudioVersion = 17.1.31903.286
MinimumVisualStudioVersion = 10.0.40219.1
Project("{2150E333-8FDC-42A3-9474-1A3956D46DE8}") = "Solution Items", "Solution Items", "{C5716E2D-7C57-4B1C-B758-D6824FB86EB2}"
	ProjectSection(SolutionItems) = preProject
		.editorconfig = .editorconfig
	EndProjectSection
EndProject
Project("{2150E333-8FDC-42A3-9474-1A3956D46DE8}") = "src", "src", "{210A6F57-4989-4D43-B3DA-3425FC06136E}"
EndProject
Project("{9A19103F-16F7-4668-BE54-9A1E7A4F7556}") = "AutoGeneratedApiClient", "src\AutoGeneratedApiClient\AutoGeneratedApiClient.csproj", "{03A317A3-514F-46C6-A3B3-66B0177CD599}"
EndProject
Project("{9A19103F-16F7-4668-BE54-9A1E7A4F7556}") = "DeclarativeApiClient", "src\DeclarativeApiClient\DeclarativeApiClient.csproj", "{4EEC6F3B-6DA2-4D83-A87F-E61A42024AF2}"
EndProject
Project("{9A19103F-16F7-4668-BE54-9A1E7A4F7556}") = "ManualApiClient", "src\ManualApiClient\ManualApiClient.csproj", "{41C8769D-8ACB-47E2-8DFE-6051B760F336}"
EndProject
Project("{2150E333-8FDC-42A3-9474-1A3956D46DE8}") = "samples", "samples", "{F516A870-BB5F-4355-90F9-4FCF18CA95C2}"
EndProject
Project("{2150E333-8FDC-42A3-9474-1A3956D46DE8}") = "ManualApiClient", "ManualApiClient", "{0B10F2C7-EEAE-4823-8B4D-4FA33E9A7FC9}"
EndProject
Project("{9A19103F-16F7-4668-BE54-9A1E7A4F7556}") = "api-host", "samples\ManualApiClient\api-host\api-host.csproj", "{05CA9766-25EF-4BC1-83B2-FF0C5EE82032}"
EndProject
Project("{9A19103F-16F7-4668-BE54-9A1E7A4F7556}") = "console-di-host", "samples\ManualApiClient\console-di-host\console-di-host.csproj", "{4ED464BC-CF79-495C-8483-F91B28915461}"
EndProject
Project("{9A19103F-16F7-4668-BE54-9A1E7A4F7556}") = "console-host", "samples\ManualApiClient\console-host\console-host.csproj", "{5F2AB664-69C3-4C25-A9EC-FD92616F076D}"
EndProject
Project("{2150E333-8FDC-42A3-9474-1A3956D46DE8}") = "DeclarativeApiClient", "DeclarativeApiClient", "{74D7E41A-A281-46A6-A1B9-A51E7BA2023F}"
EndProject
Project("{FAE04EC0-301F-11D3-BF4B-00C04F79EFBC}") = "api-host", "samples\DeclarativeApiClient\api-host\api-host.csproj", "{6F09AA09-C05E-4469-B01D-1325B5E326F8}"
EndProject
Global
	GlobalSection(SolutionConfigurationPlatforms) = preSolution
		Debug|Any CPU = Debug|Any CPU
		Release|Any CPU = Release|Any CPU
	EndGlobalSection
	GlobalSection(ProjectConfigurationPlatforms) = postSolution
		{03A317A3-514F-46C6-A3B3-66B0177CD599}.Debug|Any CPU.ActiveCfg = Debug|Any CPU
		{03A317A3-514F-46C6-A3B3-66B0177CD599}.Debug|Any CPU.Build.0 = Debug|Any CPU
		{03A317A3-514F-46C6-A3B3-66B0177CD599}.Release|Any CPU.ActiveCfg = Release|Any CPU
		{03A317A3-514F-46C6-A3B3-66B0177CD599}.Release|Any CPU.Build.0 = Release|Any CPU
		{4EEC6F3B-6DA2-4D83-A87F-E61A42024AF2}.Debug|Any CPU.ActiveCfg = Debug|Any CPU
		{4EEC6F3B-6DA2-4D83-A87F-E61A42024AF2}.Debug|Any CPU.Build.0 = Debug|Any CPU
		{4EEC6F3B-6DA2-4D83-A87F-E61A42024AF2}.Release|Any CPU.ActiveCfg = Release|Any CPU
		{4EEC6F3B-6DA2-4D83-A87F-E61A42024AF2}.Release|Any CPU.Build.0 = Release|Any CPU
		{41C8769D-8ACB-47E2-8DFE-6051B760F336}.Debug|Any CPU.ActiveCfg = Debug|Any CPU
		{41C8769D-8ACB-47E2-8DFE-6051B760F336}.Debug|Any CPU.Build.0 = Debug|Any CPU
		{41C8769D-8ACB-47E2-8DFE-6051B760F336}.Release|Any CPU.ActiveCfg = Release|Any CPU
		{41C8769D-8ACB-47E2-8DFE-6051B760F336}.Release|Any CPU.Build.0 = Release|Any CPU
		{05CA9766-25EF-4BC1-83B2-FF0C5EE82032}.Debug|Any CPU.ActiveCfg = Debug|Any CPU
		{05CA9766-25EF-4BC1-83B2-FF0C5EE82032}.Debug|Any CPU.Build.0 = Debug|Any CPU
		{05CA9766-25EF-4BC1-83B2-FF0C5EE82032}.Release|Any CPU.ActiveCfg = Release|Any CPU
		{05CA9766-25EF-4BC1-83B2-FF0C5EE82032}.Release|Any CPU.Build.0 = Release|Any CPU
		{4ED464BC-CF79-495C-8483-F91B28915461}.Debug|Any CPU.ActiveCfg = Debug|Any CPU
		{4ED464BC-CF79-495C-8483-F91B28915461}.Debug|Any CPU.Build.0 = Debug|Any CPU
		{4ED464BC-CF79-495C-8483-F91B28915461}.Release|Any CPU.ActiveCfg = Release|Any CPU
		{4ED464BC-CF79-495C-8483-F91B28915461}.Release|Any CPU.Build.0 = Release|Any CPU
		{5F2AB664-69C3-4C25-A9EC-FD92616F076D}.Debug|Any CPU.ActiveCfg = Debug|Any CPU
		{5F2AB664-69C3-4C25-A9EC-FD92616F076D}.Debug|Any CPU.Build.0 = Debug|Any CPU
		{5F2AB664-69C3-4C25-A9EC-FD92616F076D}.Release|Any CPU.ActiveCfg = Release|Any CPU
		{5F2AB664-69C3-4C25-A9EC-FD92616F076D}.Release|Any CPU.Build.0 = Release|Any CPU
		{6F09AA09-C05E-4469-B01D-1325B5E326F8}.Debug|Any CPU.ActiveCfg = Debug|Any CPU
		{6F09AA09-C05E-4469-B01D-1325B5E326F8}.Debug|Any CPU.Build.0 = Debug|Any CPU
		{6F09AA09-C05E-4469-B01D-1325B5E326F8}.Release|Any CPU.ActiveCfg = Release|Any CPU
		{6F09AA09-C05E-4469-B01D-1325B5E326F8}.Release|Any CPU.Build.0 = Release|Any CPU
	EndGlobalSection
	GlobalSection(SolutionProperties) = preSolution
		HideSolutionNode = FALSE
	EndGlobalSection
	GlobalSection(NestedProjects) = preSolution
		{03A317A3-514F-46C6-A3B3-66B0177CD599} = {210A6F57-4989-4D43-B3DA-3425FC06136E}
		{4EEC6F3B-6DA2-4D83-A87F-E61A42024AF2} = {210A6F57-4989-4D43-B3DA-3425FC06136E}
		{41C8769D-8ACB-47E2-8DFE-6051B760F336} = {210A6F57-4989-4D43-B3DA-3425FC06136E}
		{0B10F2C7-EEAE-4823-8B4D-4FA33E9A7FC9} = {F516A870-BB5F-4355-90F9-4FCF18CA95C2}
		{05CA9766-25EF-4BC1-83B2-FF0C5EE82032} = {0B10F2C7-EEAE-4823-8B4D-4FA33E9A7FC9}
		{4ED464BC-CF79-495C-8483-F91B28915461} = {0B10F2C7-EEAE-4823-8B4D-4FA33E9A7FC9}
		{5F2AB664-69C3-4C25-A9EC-FD92616F076D} = {0B10F2C7-EEAE-4823-8B4D-4FA33E9A7FC9}
		{74D7E41A-A281-46A6-A1B9-A51E7BA2023F} = {F516A870-BB5F-4355-90F9-4FCF18CA95C2}
		{6F09AA09-C05E-4469-B01D-1325B5E326F8} = {74D7E41A-A281-46A6-A1B9-A51E7BA2023F}
	EndGlobalSection
	GlobalSection(ExtensibilityGlobals) = postSolution
		SolutionGuid = {C1DFD54F-8964-44C9-8E37-5F8314A39D79}
	EndGlobalSection
EndGlobal
